
Microsoft Visual Studio Solution File, Format Version 12.00
# Visual Studio 15
VisualStudioVersion = 15.0.28010.2050
MinimumVisualStudioVersion = 10.0.40219.1
Project("{FAE04EC0-301F-11D3-BF4B-00C04F79EFBC}") = "ABDispenser", "ABDispenser\ABDispenser.csproj", "{C0A04A04-5FF2-45EB-AE46-374A86749DA1}"
EndProject
Global
	GlobalSection(SolutionConfigurationPlatforms) = preSolution
		Debug|Any CPU = Debug|Any CPU
		Release|Any CPU = Release|Any CPU
	EndGlobalSection
	GlobalSection(ProjectConfigurationPlatforms) = postSolution
		{C0A04A04-5FF2-45EB-AE46-374A86749DA1}.Debug|Any CPU.ActiveCfg = Debug|Any CPU
		{C0A04A04-5FF2-45EB-AE46-374A86749DA1}.Debug|Any CPU.Build.0 = Debug|Any CPU
		{C0A04A04-5FF2-45EB-AE46-374A86749DA1}.Release|Any CPU.ActiveCfg = Release|Any CPU
		{C0A04A04-5FF2-45EB-AE46-374A86749DA1}.Release|Any CPU.Build.0 = Release|Any CPU
	EndGlobalSection
	GlobalSection(SolutionProperties) = preSolution
		HideSolutionNode = FALSE
	EndGlobalSection
	GlobalSection(ExtensibilityGlobals) = postSolution
		SolutionGuid = {2FCAA499-3E10-4BDA-ABE7-8DA9A15FA68F}
	EndGlobalSection
EndGlobal
